
Microsoft Visual Studio Solution File, Format Version 12.00
# Visual Studio Version 17
VisualStudioVersion = 17.0.31717.71
MinimumVisualStudioVersion = 10.0.40219.1
Project("{9A19103F-16F7-4668-BE54-9A1E7A4F7556}") = "DemoApp", "DemoApp.csproj", "{1DF1A827-7D73-4F05-A2F8-D19FE1B8F29B}"
EndProject
Global
	GlobalSection(SolutionConfigurationPlatforms) = preSolution
		Debug|Any CPU = Debug|Any CPU
		Release|Any CPU = Release|Any CPU
	EndGlobalSection
	GlobalSection(ProjectConfigurationPlatforms) = postSolution
		{1DF1A827-7D73-4F05-A2F8-D19FE1B8F29B}.Debug|Any CPU.ActiveCfg = Debug|Any CPU
		{1DF1A827-7D73-4F05-A2F8-D19FE1B8F29B}.Debug|Any CPU.Build.0 = Debug|Any CPU
		{1DF1A827-7D73-4F05-A2F8-D19FE1B8F29B}.Release|Any CPU.ActiveCfg = Release|Any CPU
		{1DF1A827-7D73-4F05-A2F8-D19FE1B8F29B}.Release|Any CPU.Build.0 = Release|Any CPU
	EndGlobalSection
	GlobalSection(SolutionProperties) = preSolution
		HideSolutionNode = FALSE
	EndGlobalSection
	GlobalSection(ExtensibilityGlobals) = postSolution
		SolutionGuid = {29C77559-4418-4164-A0E6-F1ACD3C74F57}
	EndGlobalSection
EndGlobal